{
  "name": "@tooljet-marketplace/common",
  "version": "1.0.0",
  "lockfileVersion": 1,
  "requires": true,
  "dependencies": {
    "rimraf": {
      "version": "4.0.0",
      "resolved": "https://registry.npmjs.org/rimraf/-/rimraf-4.0.0.tgz",
      "integrity": "sha512-1jUYEffrxKEAYJLJvqYLvKQW5oExH8QhBVYKUO1YXPrKTpobYuZ89KbgmpGbeTj+6kUXqGrIT1w+3BI4T6hR1w=="
    }
  }
}
